
Microsoft Visual Studio Solution File, Format Version 12.00
# Visual Studio Version 16
VisualStudioVersion = 16.0.29306.81
MinimumVisualStudioVersion = 10.0.40219.1
Project("{FAE04EC0-301F-11D3-BF4B-00C04F79EFBC}") = "FPTManagerment", "FPTManagerment\FPTManagerment.csproj", "{5ABEC474-58E7-40F9-AC09-6D691290FEB5}"
EndProject
Global
	GlobalSection(SolutionConfigurationPlatforms) = preSolution
		Debug|Any CPU = Debug|Any CPU
		Release|Any CPU = Release|Any CPU
	EndGlobalSection
	GlobalSection(ProjectConfigurationPlatforms) = postSolution
		{5ABEC474-58E7-40F9-AC09-6D691290FEB5}.Debug|Any CPU.ActiveCfg = Debug|Any CPU
		{5ABEC474-58E7-40F9-AC09-6D691290FEB5}.Debug|Any CPU.Build.0 = Debug|Any CPU
		{5ABEC474-58E7-40F9-AC09-6D691290FEB5}.Release|Any CPU.ActiveCfg = Release|Any CPU
		{5ABEC474-58E7-40F9-AC09-6D691290FEB5}.Release|Any CPU.Build.0 = Release|Any CPU
	EndGlobalSection
	GlobalSection(SolutionProperties) = preSolution
		HideSolutionNode = FALSE
	EndGlobalSection
	GlobalSection(ExtensibilityGlobals) = postSolution
		SolutionGuid = {632A2B8B-74D1-4353-808C-50A61F46C219}
	EndGlobalSection
EndGlobal
